# THIS IS AN AUTOGENERATED FILE. DO NOT EDIT THIS FILE DIRECTLY.
assets/Percale-Sand-sheet-set-17.jpg:
  development: 2018-01-15T12:37:12-05:00   3456bf60eeb10dad8039b536005f0e8b
assets/ajax-loader.gif:
  development: 2017-12-08T00:36:51-05:00   deca8b0ecd6974227d157b6d7068995d
assets/arrows-2.png:
  development: 2018-01-11T23:14:16-05:00   4d2ed50facf20fdc9206e65be96097d6
assets/arrows.png:
  development: 2018-01-11T23:14:16-05:00   09b24f1a73b9eeb5cc62db7ec0b60bca
assets/banner-contact.jpg:
  development: 2018-04-09T22:39:36-04:00   1a56e9ec327c83304436bffafc032ae2
assets/banner-matress-topper-montreal-linnens-new.jpg:
  development: 2018-04-09T21:35:07-04:00   bd60a2aa8089823f39b757f0ef35b2da
assets/banner-matress-topper-montreal-linnens-new2.jpg:
  development: 2018-04-09T21:36:30-04:00   ca7b41968be93e368c9e077932249f24
assets/bullets-2.png:
  development: 2018-01-11T23:14:17-05:00   208e649ac5a7e0daf2023e30d92f675e
assets/bullets.png:
  development: 2018-01-11T23:14:17-05:00   acc66fce35a54d815a3aa3fd573cdd90
assets/gift-card.js:
  development: 2017-12-08T00:36:51-05:00   c73df2ee57cc9eb577f7a1858063495d
assets/gift-card.scss.liquid:
  development: 2018-01-11T03:26:03-05:00   b7db803a41522825e2c6244a55e8ba89
assets/ico-select.svg.liquid:
  development: 2018-01-11T03:26:03-05:00   fb3d8f5b83dfa47b06b28064fbbfc380
assets/insta.js:
  development: 2018-02-22T00:39:33-05:00   eb354fecea18e1d15bf2d19f18b09416
assets/instafeed.min.js:
  development: 2018-02-22T00:19:50-05:00   1b9d5439b41e462220f9e6937df15b60
assets/lazysizes.js:
  development: 2018-01-11T03:26:03-05:00   c96602ecb5ac14b9bf9068cb8907ce65
assets/loading-2.gif:
  development: 2018-01-11T23:14:18-05:00   dd6b7b0bf5c3af22499abc0a9ee1e1b2
assets/loading.gif:
  development: 2018-01-11T23:14:18-05:00   dd6b7b0bf5c3af22499abc0a9ee1e1b2
assets/logo-black.svg:
  development: 2018-02-22T22:40:09-05:00   7bc0d000ae1a98271e4b515dd1a840fc
assets/logo.svg:
  development: 2018-02-22T21:59:12-05:00   6bc35aed69a009cad34500d818fd88a5
assets/lyl-logo-black.png:
  development: 2018-01-15T00:25:21-05:00   3f40f56dd3cc40b17ab907f3e797796f
assets/lyl-logo-white.png:
  development: 2018-01-15T00:25:22-05:00   0479ff5ab13b8f819e89e343986fe875
assets/match-media.min.js:
  development: 2018-01-11T03:26:03-05:00   0b7a66a7f4044b1929c883738c80386b
assets/password.js:
  development: 2018-01-11T03:26:03-05:00   7864d107396f6b18a116c16f319afb24
assets/social-instagram 2.svg:
  development: 2018-02-22T22:54:18-05:00   2bdf502b30117bf21f9ec2878a5b12d0
assets/social-instagram.svg:
  development: 2018-02-22T22:40:21-05:00   2bdf502b30117bf21f9ec2878a5b12d0
assets/social-pinterest.svg:
  development: 2018-02-22T22:40:22-05:00   e3cf775ae267ac67f4acee53214e1256
assets/social-twitter.svg:
  development: 2018-02-22T22:40:22-05:00   2bd07ce6bd0f8dbbb4373bd62f7539bb
assets/theme.js:
  development: 2018-04-25T01:25:52-04:00   91dc26c72a081afd16143ed20634ce87
assets/theme.scss.liquid:
  development: 2018-04-25T01:12:42-04:00   b11a9bd11188b62dc61f252cf3e29b3f
assets/vendor.js:
  development: 2018-02-26T22:20:32-05:00   deba887303d9ab5c23f73c3698e868e3
config/settings_schema.json:
  development: 2018-01-11T03:26:03-05:00   27535bc1775d6635a609700914e27e0d
layout/gift_card.liquid:
  development: 2018-01-11T03:26:03-05:00   2876081d787bb5905aa8048e67c870fe
layout/password.liquid:
  development: 2017-12-08T00:36:53-05:00   6351674ea67c53e01643a5bea02f7d0a
layout/theme.liquid:
  development: 2018-04-10T12:04:58-04:00   99d73010b642c2c3f4ba94d3261021af
locales/de.json:
  development: 2017-12-08T00:36:53-05:00   b7cd7749b0a0d9df967227ee73bcbb7f
locales/en.default.json:
  development: 2017-12-08T00:36:53-05:00   386f615a2292d94a5ccba5f0ece2be73
locales/es.json:
  development: 2017-12-08T00:36:53-05:00   1f7faec878ecdbd841a874f20548c252
locales/fr.json:
  development: 2017-12-08T00:36:53-05:00   6a7a530503406291c810ad803e1ae7d3
locales/it.json:
  development: 2017-12-08T00:36:53-05:00   1e9bf18e791cca0b5c22210f65193234
locales/ja.json:
  development: 2017-12-08T00:36:53-05:00   d37fd5030ba34cadec9ea376c939f2a1
locales/pt-BR.json:
  development: 2017-12-08T00:36:53-05:00   e34f8234dadd2e978e7d60c45069cda8
locales/pt-PT.json:
  development: 2017-12-08T00:36:53-05:00   9753246c7cfeeb72638f4df3170e0566
sections/article-template.liquid:
  development: 2018-01-11T03:26:04-05:00   a4f113a7710f00e417d91d9c2df304c2
sections/blog-template.liquid:
  development: 2018-04-25T00:27:14-04:00   5313552f1529fffb6060a4db6a38225e
sections/cart-aside-template.liquid:
  development: 2018-04-10T12:17:23-04:00   405cdd43c2b73a1b2fdc4ab6ac7bc401
sections/cart-template.liquid:
  development: 2018-01-11T03:26:04-05:00   59d53b9f1fa7446a4e8524d5c959fb07
sections/collection-list.liquid:
  development: 2018-01-15T12:56:04-05:00   a55d61b95ff71917adad276c41ee1dc0
sections/collection-template.liquid:
  development: 2018-04-09T21:41:35-04:00   9707303396959dc68170caafa54a3e16
sections/collection.liquid:
  development: 2017-12-08T00:36:51-05:00   2b354ddc56741c41be0ee62a912b4ce4
sections/custom-content.liquid:
  development: 2018-01-11T03:26:04-05:00   d84b96802d72e8afdf95cd5c919bd7e7
sections/feature-columns.liquid:
  development: 2018-01-11T03:26:04-05:00   1e48baea435228d378c2c1be186cf537
sections/feature-row.liquid:
  development: 2018-01-14T21:48:30-05:00   5bb82156e958e85b4f9e29dbe83bc780
sections/featured-blog.liquid:
  development: 2017-12-08T00:36:51-05:00   9a1edbe837a0e23ee0b4aa7e024db613
sections/featured-product.liquid:
  development: 2018-01-11T03:26:04-05:00   26d27b4c962c805fddea8f8247c754c3
sections/footer.liquid:
  development: 2018-01-15T01:20:29-05:00   5aad0b30edaf772d7c7f230fd67f1196
sections/header.liquid:
  development: 2018-02-28T22:10:00-05:00   cbffb43024f0f97cd262c256fa322096
sections/hero.liquid:
  development: 2018-01-11T03:26:04-05:00   d7ce7b9dbaa78bf494562f4c7c9e3856
sections/image-bar.liquid:
  development: 2018-01-11T03:26:04-05:00   e11475f2451449949dbeee454388a7ae
sections/list-collections-template.liquid:
  development: 2018-01-11T03:26:05-05:00   b03daa4d9d5c670b0fd49d0deec2eac0
sections/logo-bar.liquid:
  development: 2017-12-08T00:36:51-05:00   be9fbe5af92667ee59e0b2198d02944c
sections/map.liquid:
  development: 2017-12-08T00:36:51-05:00   e6bfab6213264f929e50e67ca23701b1
sections/newsletter.liquid:
  development: 2017-12-08T00:36:51-05:00   e5e3b7216b1f6352652611995b8091f7
sections/password-content.liquid:
  development: 2018-01-11T03:26:05-05:00   bc7d8ba5614a1e74b206ed0d4f5753e0
sections/password-footer.liquid:
  development: 2018-01-11T03:26:05-05:00   b90c1312aeac6fa0b3ff3ce8fb549da5
sections/password-header.liquid:
  development: 2018-01-11T03:26:05-05:00   ccc1f51a9ddd61dcda8e8037319c2f87
sections/product-template.liquid:
  development: 2018-04-11T22:28:20-04:00   f5d7bd2bd0a3274d72ef36236e888281
sections/quotes.liquid:
  development: 2018-01-11T03:26:05-05:00   df3263eeebad4c2cd54683984280dca7
sections/related-products.liquid:
  development: 2018-02-14T01:09:34-05:00   4d229f2ce6c288cb90f6c50610e6c1c9
sections/rich-text.liquid:
  development: 2017-12-08T00:36:51-05:00   d25fb0e1575242ba565b129eff3dd1b8
sections/slideshow.liquid:
  development: 2018-01-11T03:26:05-05:00   2a39485d859465f5f7ac5bfa196fde21
snippets/bgset.liquid:
  development: 2018-01-11T03:26:03-05:00   ebbf57a1dc8eb7dc1ac6f5aedc0fd92a
snippets/collection-grid-item.liquid:
  development: 2017-12-08T00:36:53-05:00   209c8abd3531c95e503636cc520dd9ca
snippets/comment.liquid:
  development: 2018-01-11T03:26:03-05:00   4e38722f39c2be36ed725d327959fa55
snippets/google-fonts.liquid:
  development: 2018-01-11T03:26:03-05:00   52cd48b9a0fd40f4c1c1ecb2692aea21
snippets/icon-amazon_payments.liquid:
  development: 2017-12-08T00:36:53-05:00   f1ad8ba26dd5b98117703ede5357e408
snippets/icon-american_express.liquid:
  development: 2017-12-08T00:36:53-05:00   9da829decce6867b8de60a183c94d099
snippets/icon-apple_pay.liquid:
  development: 2017-12-08T00:36:53-05:00   e82e7acc46479ea2173926f8fad55db0
snippets/icon-arrow-left.liquid:
  development: 2017-12-08T00:36:53-05:00   5abf8c4c69967103f685014dcc88a6e7
snippets/icon-arrow-right.liquid:
  development: 2017-12-08T00:36:53-05:00   45f24673c43655e9275d1ba99d814374
snippets/icon-bitcoin.liquid:
  development: 2017-12-08T00:36:53-05:00   d8cb31e0401818c1cb852348b6f27420
snippets/icon-cart.liquid:
  development: 2018-01-12T00:56:56-05:00   8fb548d43c6f5ab74e1cddb9c8744c44
snippets/icon-chevron-down.liquid:
  development: 2017-12-08T00:36:53-05:00   7d3a8cd08370aa9d2a88ae542446a181
snippets/icon-chevron-left.liquid:
  development: 2017-12-08T00:36:53-05:00   6290d56c32e8ac47abe4a4f4d90ed032
snippets/icon-chevron-right.liquid:
  development: 2017-12-08T00:36:53-05:00   41842e53e7b826a0d260e2ccffbfdab1
snippets/icon-chevron-up.liquid:
  development: 2017-12-08T00:36:53-05:00   4df1e02c8789418fc53d48e2913daf49
snippets/icon-cirrus.liquid:
  development: 2017-12-08T00:36:53-05:00   fcbd6ce7e38d7946c921c8ed6ad5ca71
snippets/icon-close.liquid:
  development: 2017-12-08T00:36:53-05:00   a04fce17a63e760b9bce76768ee29feb
snippets/icon-dankort.liquid:
  development: 2017-12-08T00:36:53-05:00   796e1e822b3e46784d303b48c9db5b29
snippets/icon-diners_club.liquid:
  development: 2017-12-08T00:36:53-05:00   cf70ea54486bb14c286264f90dab9ff8
snippets/icon-discover.liquid:
  development: 2017-12-08T00:36:53-05:00   b43221b39bc3df37f7e6c7810d3e54d8
snippets/icon-dogecoin.liquid:
  development: 2017-12-08T00:36:53-05:00   6a35f5db9eb93d1ed563c6989ff30798
snippets/icon-dwolla.liquid:
  development: 2017-12-08T00:36:53-05:00   aeb86f67aad84adaf7635d2043cb89a9
snippets/icon-facebook.liquid:
  development: 2018-02-22T22:44:51-05:00   840060445583c989dd862f29c41f5456
snippets/icon-forbrugsforeningen.liquid:
  development: 2017-12-08T00:36:53-05:00   ff962a94f23046340766c215b0f14a52
snippets/icon-hamburger.liquid:
  development: 2017-12-08T00:36:53-05:00   559577e06ff14924311cfe2642e8b765
snippets/icon-instagram.liquid:
  development: 2018-02-22T22:54:48-05:00   643500ec5593c6c0d9ad1911200c21f4
snippets/icon-interac.liquid:
  development: 2017-12-08T00:36:53-05:00   24c4d22a98c0574c32fc02fe39e34b80
snippets/icon-jcb.liquid:
  development: 2017-12-08T00:36:53-05:00   275259ce80a1b368d0e5afcf7d6bb6f3
snippets/icon-laser.liquid:
  development: 2017-12-08T00:36:53-05:00   bd1a0ecfe958b6a6e84bf80e0669a6da
snippets/icon-litecoin.liquid:
  development: 2017-12-08T00:36:53-05:00   051dfcb36fa17b532a087b12f0a49e0e
snippets/icon-lock.liquid:
  development: 2017-12-08T00:36:53-05:00   60ae7ba03d14efa582faed8855821a58
snippets/icon-login.liquid:
  development: 2017-12-08T00:36:53-05:00   9a74bdaac402576390ca1dbdc9e7869c
snippets/icon-maestro.liquid:
  development: 2017-12-08T00:36:53-05:00   b987e558ecad607661489939ec8ca524
snippets/icon-master.liquid:
  development: 2017-12-08T00:36:53-05:00   7be93970b63c2fd0e2b319a35c00a9d7
snippets/icon-minus.liquid:
  development: 2017-12-08T00:36:54-05:00   78c513424d498299e865f8a242823ad0
snippets/icon-pause.liquid:
  development: 2017-12-08T00:36:54-05:00   99e785a63af3ab0a7ccd9c5551ea8910
snippets/icon-paypal.liquid:
  development: 2017-12-08T00:36:54-05:00   1b0d7db160b229b8519cccf2514ee676
snippets/icon-pin.liquid:
  development: 2017-12-08T00:36:54-05:00   694162388571d6142ec30bc299d8ac91
snippets/icon-pinterest.liquid:
  development: 2018-02-22T22:49:22-05:00   2eb12967e8d3132a1478d2c812b78d7b
snippets/icon-play-video.liquid:
  development: 2017-12-08T00:36:54-05:00   f0b736a271f33b83b319b2d04e61aa2b
snippets/icon-play.liquid:
  development: 2017-12-08T00:36:54-05:00   31ff2901a9fd0f32ebc4c05748e7aa5d
snippets/icon-plus.liquid:
  development: 2017-12-08T00:36:54-05:00   ba5297f64eb7ea97f1785e8166e11231
snippets/icon-quote.liquid:
  development: 2017-12-08T00:36:54-05:00   e710949f7a142dfc3c4fac15c33bb2fa
snippets/icon-rss.liquid:
  development: 2017-12-08T00:36:54-05:00   6493d6bcb850513a55823d4ff62b0f8b
snippets/icon-search.liquid:
  development: 2018-01-12T00:45:11-05:00   ef1add66aecac687781a96202abfba13
snippets/icon-shopify-logo.liquid:
  development: 2017-12-08T00:36:54-05:00   3f0b70f9e01be5b25507d25a732ecde7
snippets/icon-snapchat.liquid:
  development: 2017-12-08T00:36:54-05:00   9ed6937e3232c9034976be2b8ed9f673
snippets/icon-stripe.liquid:
  development: 2017-12-08T00:36:54-05:00   208713954dff9de98f800df59763615d
snippets/icon-tumblr.liquid:
  development: 2017-12-08T00:36:54-05:00   d71a4ada77a8a9b6bd792bdafef393de
snippets/icon-twitter.liquid:
  development: 2018-02-22T22:46:41-05:00   bbc8f5be11a9b14a7244fdb41a855f7c
snippets/icon-vimeo.liquid:
  development: 2017-12-08T00:36:54-05:00   a229ed8a1a81e6ef95ad621f8a34efb6
snippets/icon-visa.liquid:
  development: 2017-12-08T00:36:54-05:00   9098533cd59e385d2672f6d8b7fa4b04
snippets/icon-youtube.liquid:
  development: 2017-12-08T00:36:54-05:00   9d72c5bc3eaa14a3e7aefd921881b1ae
snippets/image-style.liquid:
  development: 2018-01-11T03:26:03-05:00   f5ca6dfba80b9772d82d673467632f3c
snippets/no-blocks.liquid:
  development: 2018-01-11T03:26:03-05:00   8a329ce11a60bc47f8d3f877279e9a80
snippets/pagination.liquid:
  development: 2018-01-11T03:26:03-05:00   f3106d57affe2f8d0015884a5eabfed3
snippets/product-card-grid.liquid:
  development: 2018-03-06T23:07:17-05:00   86e0d4226173f52e672b253dec1631b0
snippets/product-card-list.liquid:
  development: 2018-01-11T03:26:03-05:00   a9018c976893214117c02f04fd2c3f7c
snippets/product-price.liquid:
  development: 2018-01-11T03:26:03-05:00   41d19bc77a984085012480d270bf27f9
snippets/related-products.liquid:
  development: 2018-02-14T01:09:46-05:00   6592bc2d77c407977f6c253c06f7e282
snippets/search-form.liquid:
  development: 2018-01-11T03:26:03-05:00   4c81bc53a12358591e4950f186825623
snippets/site-nav.liquid:
  development: 2018-03-06T23:28:01-05:00   f9d2ca4d3d8fd450b7c968b4338c3271
snippets/social-meta-tags.liquid:
  development: 2017-12-08T00:36:54-05:00   ae9e213401623b2601abf0ace8e21537
snippets/social-sharing.liquid:
  development: 2018-01-11T03:26:03-05:00   a475db08f006e6e44b7dcff2bf302988
templates/404.liquid:
  development: 2018-01-11T03:26:03-05:00   1e0680275b18aa08d5e182cc51f96e1d
templates/article.liquid:
  development: 2018-01-11T03:26:03-05:00   397bd8744b147cb8d0e6daad54f004cb
templates/blog.liquid:
  development: 2018-01-11T03:26:04-05:00   02bd6c5a55d29139ba1933e3ee8b149d
templates/cart.liquid:
  development: 2018-01-11T03:26:04-05:00   229d47d34a2e7cb06c674b3728d9367d
templates/collection.liquid:
  development: 2018-01-11T03:26:04-05:00   327c105743f8a5409bfa769f5f0a20aa
templates/customers/account.liquid:
  development: 2018-01-11T03:26:04-05:00   d7bc488a409d5858b4af4fb2713c5cb1
templates/customers/activate_account.liquid:
  development: 2018-01-11T03:26:04-05:00   9b7bb592b6a99682b8e89eacc6886543
templates/customers/addresses.liquid:
  development: 2017-12-08T00:36:54-05:00   f430f4d7180c00a1e2c058124c26c0e9
templates/customers/login.liquid:
  development: 2018-01-11T03:26:04-05:00   89b412fd0b50e514aa31cbecb33d446c
templates/customers/order.liquid:
  development: 2017-12-08T00:36:54-05:00   e6fc7179a5a3904781b3847d8ef8c0f7
templates/customers/register.liquid:
  development: 2018-01-11T03:26:04-05:00   8a73874dafb4d475c4fa93181ba47123
templates/customers/reset_password.liquid:
  development: 2018-01-11T03:26:04-05:00   587e1b043315632bc3b70b5621fe79b0
templates/gift_card.liquid:
  development: 2018-01-11T03:26:04-05:00   746bbea7dc4e244df4f43a48fccb4bc3
templates/index.liquid:
  development: 2018-02-22T00:26:43-05:00   ebff78634fcbc48789cd65310585fb2c
templates/list-collections.liquid:
  development: 2018-01-11T03:26:04-05:00   591f0b29e62cb03b2df0139a79b81caa
templates/page.contact.liquid:
  development: 2018-04-10T22:55:05-04:00   bc59ac5845adc337937a1d4d10221acf
templates/page.liquid:
  development: 2018-02-22T00:07:30-05:00   1323607130aa3f37b15d033b013f1d71
templates/password.liquid:
  development: 2018-01-11T03:26:04-05:00   585b81b68175a78eaff65aea2ca24a71
templates/product.liquid:
  development: 2018-02-19T23:47:36-05:00   bb96875978d748ee81be1d2100fb3ab6
templates/search.liquid:
  development: 2018-01-11T03:26:04-05:00   050d6da53d619b718d39535b7d821f22
